
Microsoft Visual Studio Solution File, Format Version 12.00
# Visual Studio Version 16
VisualStudioVersion = 16.0.30114.105
MinimumVisualStudioVersion = 10.0.40219.1
Project("{FAE04EC0-301F-11D3-BF4B-00C04F79EFBC}") = "CsDocs.Api", "CsDocs.Api\CsDocs.Api.csproj", "{EA8D664A-AA7A-4CAE-A286-F0796B3FF0F5}"
EndProject
Project("{FAE04EC0-301F-11D3-BF4B-00C04F79EFBC}") = "CsDocs.Tests", "CsDocs.Tests\CsDocs.Tests.csproj", "{AA2FABB3-76A5-461D-ABE3-EC71A9DDA770}"
EndProject
Global
	GlobalSection(SolutionConfigurationPlatforms) = preSolution
		Debug|Any CPU = Debug|Any CPU
		Release|Any CPU = Release|Any CPU
	EndGlobalSection
	GlobalSection(SolutionProperties) = preSolution
		HideSolutionNode = FALSE
	EndGlobalSection
	GlobalSection(ProjectConfigurationPlatforms) = postSolution
		{EA8D664A-AA7A-4CAE-A286-F0796B3FF0F5}.Debug|Any CPU.ActiveCfg = Debug|Any CPU
		{EA8D664A-AA7A-4CAE-A286-F0796B3FF0F5}.Debug|Any CPU.Build.0 = Debug|Any CPU
		{EA8D664A-AA7A-4CAE-A286-F0796B3FF0F5}.Release|Any CPU.ActiveCfg = Release|Any CPU
		{EA8D664A-AA7A-4CAE-A286-F0796B3FF0F5}.Release|Any CPU.Build.0 = Release|Any CPU
		{AA2FABB3-76A5-461D-ABE3-EC71A9DDA770}.Debug|Any CPU.ActiveCfg = Debug|Any CPU
		{AA2FABB3-76A5-461D-ABE3-EC71A9DDA770}.Debug|Any CPU.Build.0 = Debug|Any CPU
		{AA2FABB3-76A5-461D-ABE3-EC71A9DDA770}.Release|Any CPU.ActiveCfg = Release|Any CPU
		{AA2FABB3-76A5-461D-ABE3-EC71A9DDA770}.Release|Any CPU.Build.0 = Release|Any CPU
	EndGlobalSection
EndGlobal
